
Microsoft Visual Studio Solution File, Format Version 12.00
# Visual Studio 15
VisualStudioVersion = 15.0.28307.329
MinimumVisualStudioVersion = 10.0.40219.1
Project("{FAE04EC0-301F-11D3-BF4B-00C04F79EFBC}") = "ContactsV2", "ContactsV2\ContactsV2.csproj", "{2C284098-88F7-480A-9EC2-7F0FCE584CAA}"
EndProject
Global
	GlobalSection(SolutionConfigurationPlatforms) = preSolution
		Debug|Any CPU = Debug|Any CPU
		Release|Any CPU = Release|Any CPU
	EndGlobalSection
	GlobalSection(ProjectConfigurationPlatforms) = postSolution
		{2C284098-88F7-480A-9EC2-7F0FCE584CAA}.Debug|Any CPU.ActiveCfg = Debug|Any CPU
		{2C284098-88F7-480A-9EC2-7F0FCE584CAA}.Debug|Any CPU.Build.0 = Debug|Any CPU
		{2C284098-88F7-480A-9EC2-7F0FCE584CAA}.Release|Any CPU.ActiveCfg = Release|Any CPU
		{2C284098-88F7-480A-9EC2-7F0FCE584CAA}.Release|Any CPU.Build.0 = Release|Any CPU
	EndGlobalSection
	GlobalSection(SolutionProperties) = preSolution
		HideSolutionNode = FALSE
	EndGlobalSection
	GlobalSection(ExtensibilityGlobals) = postSolution
		SolutionGuid = {AAFCBB30-C15A-4902-B9A4-E7D06AA51C22}
	EndGlobalSection
EndGlobal
