
Microsoft Visual Studio Solution File, Format Version 12.00
# Visual Studio 15
VisualStudioVersion = 15.0.28307.421
MinimumVisualStudioVersion = 10.0.40219.1
Project("{FAE04EC0-301F-11D3-BF4B-00C04F79EFBC}") = "Calculator", "Calculator\Calculator.csproj", "{F66EE302-5C44-4E63-9B1F-D7394B8566CC}"
EndProject
Global
	GlobalSection(SolutionConfigurationPlatforms) = preSolution
		Debug|Any CPU = Debug|Any CPU
		Release|Any CPU = Release|Any CPU
	EndGlobalSection
	GlobalSection(ProjectConfigurationPlatforms) = postSolution
		{F66EE302-5C44-4E63-9B1F-D7394B8566CC}.Debug|Any CPU.ActiveCfg = Debug|Any CPU
		{F66EE302-5C44-4E63-9B1F-D7394B8566CC}.Debug|Any CPU.Build.0 = Debug|Any CPU
		{F66EE302-5C44-4E63-9B1F-D7394B8566CC}.Release|Any CPU.ActiveCfg = Release|Any CPU
		{F66EE302-5C44-4E63-9B1F-D7394B8566CC}.Release|Any CPU.Build.0 = Release|Any CPU
	EndGlobalSection
	GlobalSection(SolutionProperties) = preSolution
		HideSolutionNode = FALSE
	EndGlobalSection
	GlobalSection(ExtensibilityGlobals) = postSolution
		SolutionGuid = {0726B1DC-F647-4D88-90CF-D4B8D4CE13C0}
	EndGlobalSection
EndGlobal
