
Microsoft Visual Studio Solution File, Format Version 12.00
# Visual Studio 15
VisualStudioVersion = 15.0.28307.329
MinimumVisualStudioVersion = 10.0.40219.1
Project("{FAE04EC0-301F-11D3-BF4B-00C04F79EFBC}") = "SimpleContacts", "SimpleContacts\SimpleContacts.csproj", "{24FC6D7D-E0AB-46D3-9A71-B3AF9333E2C0}"
EndProject
Global
	GlobalSection(SolutionConfigurationPlatforms) = preSolution
		Debug|Any CPU = Debug|Any CPU
		Release|Any CPU = Release|Any CPU
	EndGlobalSection
	GlobalSection(ProjectConfigurationPlatforms) = postSolution
		{24FC6D7D-E0AB-46D3-9A71-B3AF9333E2C0}.Debug|Any CPU.ActiveCfg = Debug|Any CPU
		{24FC6D7D-E0AB-46D3-9A71-B3AF9333E2C0}.Debug|Any CPU.Build.0 = Debug|Any CPU
		{24FC6D7D-E0AB-46D3-9A71-B3AF9333E2C0}.Release|Any CPU.ActiveCfg = Release|Any CPU
		{24FC6D7D-E0AB-46D3-9A71-B3AF9333E2C0}.Release|Any CPU.Build.0 = Release|Any CPU
	EndGlobalSection
	GlobalSection(SolutionProperties) = preSolution
		HideSolutionNode = FALSE
	EndGlobalSection
	GlobalSection(ExtensibilityGlobals) = postSolution
		SolutionGuid = {F3CD26F3-FBC5-4644-B631-9FC55165AD4C}
	EndGlobalSection
EndGlobal
