
Microsoft Visual Studio Solution File, Format Version 12.00
# Visual Studio 15
VisualStudioVersion = 15.0.28307.572
MinimumVisualStudioVersion = 10.0.40219.1
Project("{FAE04EC0-301F-11D3-BF4B-00C04F79EFBC}") = "DistanceConversion", "DistanceConversion\DistanceConversion.csproj", "{E33CBDA5-70A8-4367-99F1-928D9E6228F8}"
EndProject
Global
	GlobalSection(SolutionConfigurationPlatforms) = preSolution
		Debug|Any CPU = Debug|Any CPU
		Release|Any CPU = Release|Any CPU
	EndGlobalSection
	GlobalSection(ProjectConfigurationPlatforms) = postSolution
		{E33CBDA5-70A8-4367-99F1-928D9E6228F8}.Debug|Any CPU.ActiveCfg = Debug|Any CPU
		{E33CBDA5-70A8-4367-99F1-928D9E6228F8}.Debug|Any CPU.Build.0 = Debug|Any CPU
		{E33CBDA5-70A8-4367-99F1-928D9E6228F8}.Release|Any CPU.ActiveCfg = Release|Any CPU
		{E33CBDA5-70A8-4367-99F1-928D9E6228F8}.Release|Any CPU.Build.0 = Release|Any CPU
	EndGlobalSection
	GlobalSection(SolutionProperties) = preSolution
		HideSolutionNode = FALSE
	EndGlobalSection
	GlobalSection(ExtensibilityGlobals) = postSolution
		SolutionGuid = {D11C6C05-2DD3-4CA6-B1E4-1AE98908492D}
	EndGlobalSection
EndGlobal
