
Microsoft Visual Studio Solution File, Format Version 12.00
# Visual Studio 15
VisualStudioVersion = 15.0.28307.329
MinimumVisualStudioVersion = 10.0.40219.1
Project("{FAE04EC0-301F-11D3-BF4B-00C04F79EFBC}") = "Methods Practice", "Methods Practice\Methods Practice.csproj", "{01CEEDE5-E487-4EDB-B7B9-E54A790BCDE5}"
EndProject
Global
	GlobalSection(SolutionConfigurationPlatforms) = preSolution
		Debug|Any CPU = Debug|Any CPU
		Release|Any CPU = Release|Any CPU
	EndGlobalSection
	GlobalSection(ProjectConfigurationPlatforms) = postSolution
		{01CEEDE5-E487-4EDB-B7B9-E54A790BCDE5}.Debug|Any CPU.ActiveCfg = Debug|Any CPU
		{01CEEDE5-E487-4EDB-B7B9-E54A790BCDE5}.Debug|Any CPU.Build.0 = Debug|Any CPU
		{01CEEDE5-E487-4EDB-B7B9-E54A790BCDE5}.Release|Any CPU.ActiveCfg = Release|Any CPU
		{01CEEDE5-E487-4EDB-B7B9-E54A790BCDE5}.Release|Any CPU.Build.0 = Release|Any CPU
	EndGlobalSection
	GlobalSection(SolutionProperties) = preSolution
		HideSolutionNode = FALSE
	EndGlobalSection
	GlobalSection(ExtensibilityGlobals) = postSolution
		SolutionGuid = {1ECA17E3-65E3-4F84-ACA4-1012321A60B1}
	EndGlobalSection
EndGlobal
