
Microsoft Visual Studio Solution File, Format Version 12.00
# Visual Studio Version 16
VisualStudioVersion = 16.0.28803.202
MinimumVisualStudioVersion = 10.0.40219.1
Project("{FAE04EC0-301F-11D3-BF4B-00C04F79EFBC}") = "MultiplesOf3and5", "MultiplesOf3and5\MultiplesOf3and5.csproj", "{AB2E3E09-4F25-41F7-9481-DEBE27C50014}"
EndProject
Global
	GlobalSection(SolutionConfigurationPlatforms) = preSolution
		Debug|Any CPU = Debug|Any CPU
		Release|Any CPU = Release|Any CPU
	EndGlobalSection
	GlobalSection(ProjectConfigurationPlatforms) = postSolution
		{AB2E3E09-4F25-41F7-9481-DEBE27C50014}.Debug|Any CPU.ActiveCfg = Debug|Any CPU
		{AB2E3E09-4F25-41F7-9481-DEBE27C50014}.Debug|Any CPU.Build.0 = Debug|Any CPU
		{AB2E3E09-4F25-41F7-9481-DEBE27C50014}.Release|Any CPU.ActiveCfg = Release|Any CPU
		{AB2E3E09-4F25-41F7-9481-DEBE27C50014}.Release|Any CPU.Build.0 = Release|Any CPU
	EndGlobalSection
	GlobalSection(SolutionProperties) = preSolution
		HideSolutionNode = FALSE
	EndGlobalSection
	GlobalSection(ExtensibilityGlobals) = postSolution
		SolutionGuid = {46B6DBE5-64C8-48DC-89CE-99C497F8C4AE}
	EndGlobalSection
EndGlobal
