
Microsoft Visual Studio Solution File, Format Version 12.00
# Visual Studio 15
VisualStudioVersion = 15.0.27428.2037
MinimumVisualStudioVersion = 10.0.40219.1
Project("{FAE04EC0-301F-11D3-BF4B-00C04F79EFBC}") = "Payrollv3", "Payrollv3\Payrollv3.csproj", "{C78D1F8D-18D0-4537-8E08-D1BF37F1E677}"
EndProject
Global
	GlobalSection(SolutionConfigurationPlatforms) = preSolution
		Debug|Any CPU = Debug|Any CPU
		Release|Any CPU = Release|Any CPU
	EndGlobalSection
	GlobalSection(ProjectConfigurationPlatforms) = postSolution
		{C78D1F8D-18D0-4537-8E08-D1BF37F1E677}.Debug|Any CPU.ActiveCfg = Debug|Any CPU
		{C78D1F8D-18D0-4537-8E08-D1BF37F1E677}.Debug|Any CPU.Build.0 = Debug|Any CPU
		{C78D1F8D-18D0-4537-8E08-D1BF37F1E677}.Release|Any CPU.ActiveCfg = Release|Any CPU
		{C78D1F8D-18D0-4537-8E08-D1BF37F1E677}.Release|Any CPU.Build.0 = Release|Any CPU
	EndGlobalSection
	GlobalSection(SolutionProperties) = preSolution
		HideSolutionNode = FALSE
	EndGlobalSection
	GlobalSection(ExtensibilityGlobals) = postSolution
		SolutionGuid = {044BE83D-F893-47E6-A0BF-7AEB8140BD4C}
	EndGlobalSection
EndGlobal
