
Microsoft Visual Studio Solution File, Format Version 12.00
# Visual Studio 15
VisualStudioVersion = 15.0.28307.705
MinimumVisualStudioVersion = 10.0.40219.1
Project("{FAE04EC0-301F-11D3-BF4B-00C04F79EFBC}") = "Unit Conversion", "Unit Conversion\Unit Conversion.csproj", "{5CAFA78E-8BBF-436B-9188-393C695E2365}"
EndProject
Global
	GlobalSection(SolutionConfigurationPlatforms) = preSolution
		Debug|Any CPU = Debug|Any CPU
		Release|Any CPU = Release|Any CPU
	EndGlobalSection
	GlobalSection(ProjectConfigurationPlatforms) = postSolution
		{5CAFA78E-8BBF-436B-9188-393C695E2365}.Debug|Any CPU.ActiveCfg = Debug|Any CPU
		{5CAFA78E-8BBF-436B-9188-393C695E2365}.Debug|Any CPU.Build.0 = Debug|Any CPU
		{5CAFA78E-8BBF-436B-9188-393C695E2365}.Release|Any CPU.ActiveCfg = Release|Any CPU
		{5CAFA78E-8BBF-436B-9188-393C695E2365}.Release|Any CPU.Build.0 = Release|Any CPU
	EndGlobalSection
	GlobalSection(SolutionProperties) = preSolution
		HideSolutionNode = FALSE
	EndGlobalSection
	GlobalSection(ExtensibilityGlobals) = postSolution
		SolutionGuid = {2CFCB73F-0FBF-409A-8642-9C92387AE196}
	EndGlobalSection
EndGlobal
